// !$*UTF8*$!
{
	archiveVersion = 1;
	classes = {
	};
	objectVersion = 48;
	objects = {

/* Begin PBXBuildFile section */
		E49019DE21729C7C00495541 /* AppDelegate.swift in Sources */ = {isa = PBXBuildFile; fileRef = E49019DD21729C7C00495541 /* AppDelegate.swift */; };
		E49019E021729C7C00495541 /* ViewController.swift in Sources */ = {isa = PBXBuildFile; fileRef = E49019DF21729C7C00495541 /* ViewController.swift */; };
		E49019E321729C7C00495541 /* Main.storyboard in Resources */ = {isa = PBXBuildFile; fileRef = E49019E121729C7C00495541 /* Main.storyboard */; };
		E49019E521729C7C00495541 /* Assets.xcassets in Resources */ = {isa = PBXBuildFile; fileRef = E49019E421729C7C00495541 /* Assets.xcassets */; };
		E49019E821729C7C00495541 /* LaunchScreen.storyboard in Resources */ = {isa = PBXBuildFile; fileRef = E49019E621729C7C00495541 /* LaunchScreen.storyboard */; };
		E49019F321729C7C00495541 /* NoMoreWasteTests.swift in Sources */ = {isa = PBXBuildFile; fileRef = E49019F221729C7C00495541 /* NoMoreWasteTests.swift */; };
		E49019FE21729C7C00495541 /* NoMoreWasteUITests.swift in Sources */ = {isa = PBXBuildFile; fileRef = E49019FD21729C7C00495541 /* NoMoreWasteUITests.swift */; };
		E4901A0C2172A53A00495541 /* FoodsTableViewController.swift in Sources */ = {isa = PBXBuildFile; fileRef = E4901A0B2172A53A00495541 /* FoodsTableViewController.swift */; };
		E4901A0E2172AA7B00495541 /* FoodTableViewCell.swift in Sources */ = {isa = PBXBuildFile; fileRef = E4901A0D2172AA7B00495541 /* FoodTableViewCell.swift */; };
		E4901A102172C05500495541 /* FoodTableViewController.swift in Sources */ = {isa = PBXBuildFile; fileRef = E4901A0F2172C05500495541 /* FoodTableViewController.swift */; };
/* End PBXBuildFile section */

/* Begin PBXContainerItemProxy section */
		E49019EF21729C7C00495541 /* PBXContainerItemProxy */ = {
			isa = PBXContainerItemProxy;
			containerPortal = E49019D221729C7C00495541 /* Project object */;
			proxyType = 1;
			remoteGlobalIDString = E49019D921729C7C00495541;
			remoteInfo = NoMoreWaste;
		};
		E49019FA21729C7C00495541 /* PBXContainerItemProxy */ = {
			isa = PBXContainerItemProxy;
			containerPortal = E49019D221729C7C00495541 /* Project object */;
			proxyType = 1;
			remoteGlobalIDString = E49019D921729C7C00495541;
			remoteInfo = NoMoreWaste;
		};
/* End PBXContainerItemProxy section */

/* Begin PBXFileReference section */
		E49019DA21729C7C00495541 /* NoMoreWaste.app */ = {isa = PBXFileReference; explicitFileType = wrapper.application; includeInIndex = 0; path = NoMoreWaste.app; sourceTree = BUILT_PRODUCTS_DIR; };
		E49019DD21729C7C00495541 /* AppDelegate.swift */ = {isa = PBXFileReference; lastKnownFileType = sourcecode.swift; path = AppDelegate.swift; sourceTree = "<group>"; };
		E49019DF21729C7C00495541 /* ViewController.swift */ = {isa = PBXFileReference; lastKnownFileType = sourcecode.swift; path = ViewController.swift; sourceTree = "<group>"; };
		E49019E221729C7C00495541 /* Base */ = {isa = PBXFileReference; lastKnownFileType = file.storyboard; name = Base; path = Base.lproj/Main.storyboard; sourceTree = "<group>"; };
		E49019E421729C7C00495541 /* Assets.xcassets */ = {isa = PBXFileReference; lastKnownFileType = folder.assetcatalog; path = Assets.xcassets; sourceTree = "<group>"; };
		E49019E721729C7C00495541 /* Base */ = {isa = PBXFileReference; lastKnownFileType = file.storyboard; name = Base; path = Base.lproj/LaunchScreen.storyboard; sourceTree = "<group>"; };
		E49019E921729C7C00495541 /* Info.plist */ = {isa = PBXFileReference; lastKnownFileType = text.plist.xml; path = Info.plist; sourceTree = "<group>"; };
		E49019EE21729C7C00495541 /* NoMoreWasteTests.xctest */ = {isa = PBXFileReference; explicitFileType = wrapper.cfbundle; includeInIndex = 0; path = NoMoreWasteTests.xctest; sourceTree = BUILT_PRODUCTS_DIR; };
		E49019F221729C7C00495541 /* NoMoreWasteTests.swift */ = {isa = PBXFileReference; lastKnownFileType = sourcecode.swift; path = NoMoreWasteTests.swift; sourceTree = "<group>"; };
		E49019F421729C7C00495541 /* Info.plist */ = {isa = PBXFileReference; lastKnownFileType = text.plist.xml; path = Info.plist; sourceTree = "<group>"; };
		E49019F921729C7C00495541 /* NoMoreWasteUITests.xctest */ = {isa = PBXFileReference; explicitFileType = wrapper.cfbundle; includeInIndex = 0; path = NoMoreWasteUITests.xctest; sourceTree = BUILT_PRODUCTS_DIR; };
		E49019FD21729C7C00495541 /* NoMoreWasteUITests.swift */ = {isa = PBXFileReference; lastKnownFileType = sourcecode.swift; path = NoMoreWasteUITests.swift; sourceTree = "<group>"; };
		E49019FF21729C7C00495541 /* Info.plist */ = {isa = PBXFileReference; lastKnownFileType = text.plist.xml; path = Info.plist; sourceTree = "<group>"; };
		E4901A0B2172A53A00495541 /* FoodsTableViewController.swift */ = {isa = PBXFileReference; lastKnownFileType = sourcecode.swift; path = FoodsTableViewController.swift; sourceTree = "<group>"; };
		E4901A0D2172AA7B00495541 /* FoodTableViewCell.swift */ = {isa = PBXFileReference; lastKnownFileType = sourcecode.swift; path = FoodTableViewCell.swift; sourceTree = "<group>"; };
		E4901A0F2172C05500495541 /* FoodTableViewController.swift */ = {isa = PBXFileReference; lastKnownFileType = sourcecode.swift; path = FoodTableViewController.swift; sourceTree = "<group>"; };
/* End PBXFileReference section */

/* Begin PBXFrameworksBuildPhase section */
		E49019D721729C7C00495541 /* Frameworks */ = {
			isa = PBXFrameworksBuildPhase;
			buildActionMask = 2147483647;
			files = (
			);
			runOnlyForDeploymentPostprocessing = 0;
		};
		E49019EB21729C7C00495541 /* Frameworks */ = {
			isa = PBXFrameworksBuildPhase;
			buildActionMask = 2147483647;
			files = (
			);
			runOnlyForDeploymentPostprocessing = 0;
		};
		E49019F621729C7C00495541 /* Frameworks */ = {
			isa = PBXFrameworksBuildPhase;
			buildActionMask = 2147483647;
			files = (
			);
			runOnlyForDeploymentPostprocessing = 0;
		};
/* End PBXFrameworksBuildPhase section */

/* Begin PBXGroup section */
		E49019D121729C7C00495541 = {
			isa = PBXGroup;
			children = (
				E49019DC21729C7C00495541 /* NoMoreWaste */,
				E49019F121729C7C00495541 /* NoMoreWasteTests */,
				E49019FC21729C7C00495541 /* NoMoreWasteUITests */,
				E49019DB21729C7C00495541 /* Products */,
			);
			sourceTree = "<group>";
		};
		E49019DB21729C7C00495541 /* Products */ = {
			isa = PBXGroup;
			children = (
				E49019DA21729C7C00495541 /* NoMoreWaste.app */,
				E49019EE21729C7C00495541 /* NoMoreWasteTests.xctest */,
				E49019F921729C7C00495541 /* NoMoreWasteUITests.xctest */,
			);
			name = Products;
			sourceTree = "<group>";
		};
		E49019DC21729C7C00495541 /* NoMoreWaste */ = {
			isa = PBXGroup;
			children = (
				E49019DD21729C7C00495541 /* AppDelegate.swift */,
				E49019E121729C7C00495541 /* Main.storyboard */,
				E4901A0B2172A53A00495541 /* FoodsTableViewController.swift */,
				E49019DF21729C7C00495541 /* ViewController.swift */,
				E4901A0D2172AA7B00495541 /* FoodTableViewCell.swift */,
				E49019E421729C7C00495541 /* Assets.xcassets */,
				E49019E621729C7C00495541 /* LaunchScreen.storyboard */,
				E49019E921729C7C00495541 /* Info.plist */,
				E4901A0F2172C05500495541 /* FoodTableViewController.swift */,
			);
			path = NoMoreWaste;
			sourceTree = "<group>";
		};
		E49019F121729C7C00495541 /* NoMoreWasteTests */ = {
			isa = PBXGroup;
			children = (
				E49019F221729C7C00495541 /* NoMoreWasteTests.swift */,
				E49019F421729C7C00495541 /* Info.plist */,
			);
			path = NoMoreWasteTests;
			sourceTree = "<group>";
		};
		E49019FC21729C7C00495541 /* NoMoreWasteUITests */ = {
			isa = PBXGroup;
			children = (
				E49019FD21729C7C00495541 /* NoMoreWasteUITests.swift */,
				E49019FF21729C7C00495541 /* Info.plist */,
			);
			path = NoMoreWasteUITests;
			sourceTree = "<group>";
		};
/* End PBXGroup section */

/* Begin PBXNativeTarget section */
		E49019D921729C7C00495541 /* NoMoreWaste */ = {
			isa = PBXNativeTarget;
			buildConfigurationList = E4901A0221729C7C00495541 /* Build configuration list for PBXNativeTarget "NoMoreWaste" */;
			buildPhases = (
				E49019D621729C7C00495541 /* Sources */,
				E49019D721729C7C00495541 /* Frameworks */,
				E49019D821729C7C00495541 /* Resources */,
			);
			buildRules = (
			);
			dependencies = (
			);
			name = NoMoreWaste;
			productName = NoMoreWaste;
			productReference = E49019DA21729C7C00495541 /* NoMoreWaste.app */;
			productType = "com.apple.product-type.application";
		};
		E49019ED21729C7C00495541 /* NoMoreWasteTests */ = {
			isa = PBXNativeTarget;
			buildConfigurationList = E4901A0521729C7C00495541 /* Build configuration list for PBXNativeTarget "NoMoreWasteTests" */;
			buildPhases = (
				E49019EA21729C7C00495541 /* Sources */,
				E49019EB21729C7C00495541 /* Frameworks */,
				E49019EC21729C7C00495541 /* Resources */,
			);
			buildRules = (
			);
			dependencies = (
				E49019F021729C7C00495541 /* PBXTargetDependency */,
			);
			name = NoMoreWasteTests;
			productName = NoMoreWasteTests;
			productReference = E49019EE21729C7C00495541 /* NoMoreWasteTests.xctest */;
			productType = "com.apple.product-type.bundle.unit-test";
		};
		E49019F821729C7C00495541 /* NoMoreWasteUITests */ = {
			isa = PBXNativeTarget;
			buildConfigurationList = E4901A0821729C7C00495541 /* Build configuration list for PBXNativeTarget "NoMoreWasteUITests" */;
			buildPhases = (
				E49019F521729C7C00495541 /* Sources */,
				E49019F621729C7C00495541 /* Frameworks */,
				E49019F721729C7C00495541 /* Resources */,
			);
			buildRules = (
			);
			dependencies = (
				E49019FB21729C7C00495541 /* PBXTargetDependency */,
			);
			name = NoMoreWasteUITests;
			productName = NoMoreWasteUITests;
			productReference = E49019F921729C7C00495541 /* NoMoreWasteUITests.xctest */;
			productType = "com.apple.product-type.bundle.ui-testing";
		};
/* End PBXNativeTarget section */

/* Begin PBXProject section */
		E49019D221729C7C00495541 /* Project object */ = {
			isa = PBXProject;
			attributes = {
				LastSwiftUpdateCheck = 0920;
				LastUpgradeCheck = 0920;
				ORGANIZATIONNAME = "Seth Tilliss";
				TargetAttributes = {
					E49019D921729C7C00495541 = {
						CreatedOnToolsVersion = 9.2;
						ProvisioningStyle = Automatic;
					};
					E49019ED21729C7C00495541 = {
						CreatedOnToolsVersion = 9.2;
						ProvisioningStyle = Automatic;
						TestTargetID = E49019D921729C7C00495541;
					};
					E49019F821729C7C00495541 = {
						CreatedOnToolsVersion = 9.2;
						ProvisioningStyle = Automatic;
						TestTargetID = E49019D921729C7C00495541;
					};
				};
			};
			buildConfigurationList = E49019D521729C7C00495541 /* Build configuration list for PBXProject "NoMoreWaste" */;
			compatibilityVersion = "Xcode 8.0";
			developmentRegion = en;
			hasScannedForEncodings = 0;
			knownRegions = (
				en,
				Base,
			);
			mainGroup = E49019D121729C7C00495541;
			productRefGroup = E49019DB21729C7C00495541 /* Products */;
			projectDirPath = "";
			projectRoot = "";
			targets = (
				E49019D921729C7C00495541 /* NoMoreWaste */,
				E49019ED21729C7C00495541 /* NoMoreWasteTests */,
				E49019F821729C7C00495541 /* NoMoreWasteUITests */,
			);
		};
/* End PBXProject section */

/* Begin PBXResourcesBuildPhase section */
		E49019D821729C7C00495541 /* Resources */ = {
			isa = PBXResourcesBuildPhase;
			buildActionMask = 2147483647;
			files = (
				E49019E821729C7C00495541 /* LaunchScreen.storyboard in Resources */,
				E49019E521729C7C00495541 /* Assets.xcassets in Resources */,
				E49019E321729C7C00495541 /* Main.storyboard in Resources */,
			);
			runOnlyForDeploymentPostprocessing = 0;
		};
		E49019EC21729C7C00495541 /* Resources */ = {
			isa = PBXResourcesBuildPhase;
			buildActionMask = 2147483647;
			files = (
			);
			runOnlyForDeploymentPostprocessing = 0;
		};
		E49019F721729C7C00495541 /* Resources */ = {
			isa = PBXResourcesBuildPhase;
			buildActionMask = 2147483647;
			files = (
			);
			runOnlyForDeploymentPostprocessing = 0;
		};
/* End PBXResourcesBuildPhase section */

/* Begin PBXSourcesBuildPhase section */
		E49019D621729C7C00495541 /* Sources */ = {
			isa = PBXSourcesBuildPhase;
			buildActionMask = 2147483647;
			files = (
				E4901A0C2172A53A00495541 /* FoodsTableViewController.swift in Sources */,
				E4901A0E2172AA7B00495541 /* FoodTableViewCell.swift in Sources */,
				E4901A102172C05500495541 /* FoodTableViewController.swift in Sources */,
				E49019E021729C7C00495541 /* ViewController.swift in Sources */,
				E49019DE21729C7C00495541 /* AppDelegate.swift in Sources */,
			);
			runOnlyForDeploymentPostprocessing = 0;
		};
		E49019EA21729C7C00495541 /* Sources */ = {
			isa = PBXSourcesBuildPhase;
			buildActionMask = 2147483647;
			files = (
				E49019F321729C7C00495541 /* NoMoreWasteTests.swift in Sources */,
			);
			runOnlyForDeploymentPostprocessing = 0;
		};
		E49019F521729C7C00495541 /* Sources */ = {
			isa = PBXSourcesBuildPhase;
			buildActionMask = 2147483647;
			files = (
				E49019FE21729C7C00495541 /* NoMoreWasteUITests.swift in Sources */,
			);
			runOnlyForDeploymentPostprocessing = 0;
		};
/* End PBXSourcesBuildPhase section */

/* Begin PBXTargetDependency section */
		E49019F021729C7C00495541 /* PBXTargetDependency */ = {
			isa = PBXTargetDependency;
			target = E49019D921729C7C00495541 /* NoMoreWaste */;
			targetProxy = E49019EF21729C7C00495541 /* PBXContainerItemProxy */;
		};
		E49019FB21729C7C00495541 /* PBXTargetDependency */ = {
			isa = PBXTargetDependency;
			target = E49019D921729C7C00495541 /* NoMoreWaste */;
			targetProxy = E49019FA21729C7C00495541 /* PBXContainerItemProxy */;
		};
/* End PBXTargetDependency section */

/* Begin PBXVariantGroup section */
		E49019E121729C7C00495541 /* Main.storyboard */ = {
			isa = PBXVariantGroup;
			children = (
				E49019E221729C7C00495541 /* Base */,
			);
			name = Main.storyboard;
			sourceTree = "<group>";
		};
		E49019E621729C7C00495541 /* LaunchScreen.storyboard */ = {
			isa = PBXVariantGroup;
			children = (
				E49019E721729C7C00495541 /* Base */,
			);
			name = LaunchScreen.storyboard;
			sourceTree = "<group>";
		};
/* End PBXVariantGroup section */

/* Begin XCBuildConfiguration section */
		E4901A0021729C7C00495541 /* Debug */ = {
			isa = XCBuildConfiguration;
			buildSettings = {
				ALWAYS_SEARCH_USER_PATHS = NO;
				CLANG_ANALYZER_NONNULL = YES;
				CLANG_ANALYZER_NUMBER_OBJECT_CONVERSION = YES_AGGRESSIVE;
				CLANG_CXX_LANGUAGE_STANDARD = "gnu++14";
				CLANG_CXX_LIBRARY = "libc++";
				CLANG_ENABLE_MODULES = YES;
				CLANG_ENABLE_OBJC_ARC = YES;
				CLANG_WARN_BLOCK_CAPTURE_AUTORELEASING = YES;
				CLANG_WARN_BOOL_CONVERSION = YES;
				CLANG_WARN_COMMA = YES;
				CLANG_WARN_CONSTANT_CONVERSION = YES;
				CLANG_WARN_DIRECT_OBJC_ISA_USAGE = YES_ERROR;
				CLANG_WARN_DOCUMENTATION_COMMENTS = YES;
				CLANG_WARN_EMPTY_BODY = YES;
				CLANG_WARN_ENUM_CONVERSION = YES;
				CLANG_WARN_INFINITE_RECURSION = YES;
				CLANG_WARN_INT_CONVERSION = YES;
				CLANG_WARN_NON_LITERAL_NULL_CONVERSION = YES;
				CLANG_WARN_OBJC_LITERAL_CONVERSION = YES;
				CLANG_WARN_OBJC_ROOT_CLASS = YES_ERROR;
				CLANG_WARN_RANGE_LOOP_ANALYSIS = YES;
				CLANG_WARN_STRICT_PROTOTYPES = YES;
				CLANG_WARN_SUSPICIOUS_MOVE = YES;
				CLANG_WARN_UNGUARDED_AVAILABILITY = YES_AGGRESSIVE;
				CLANG_WARN_UNREACHABLE_CODE = YES;
				CLANG_WARN__DUPLICATE_METHOD_MATCH = YES;
				CODE_SIGN_IDENTITY = "iPhone Developer";
				COPY_PHASE_STRIP = NO;
				DEBUG_INFORMATION_FORMAT = dwarf;
				ENABLE_STRICT_OBJC_MSGSEND = YES;
				ENABLE_TESTABILITY = YES;
				GCC_C_LANGUAGE_STANDARD = gnu11;
				GCC_DYNAMIC_NO_PIC = NO;
				GCC_NO_COMMON_BLOCKS = YES;
				GCC_OPTIMIZATION_LEVEL = 0;
				GCC_PREPROCESSOR_DEFINITIONS = (
					"DEBUG=1",
					"$(inherited)",
				);
				GCC_WARN_64_TO_32_BIT_CONVERSION = YES;
				GCC_WARN_ABOUT_RETURN_TYPE = YES_ERROR;
				GCC_WARN_UNDECLARED_SELECTOR = YES;
				GCC_WARN_UNINITIALIZED_AUTOS = YES_AGGRESSIVE;
				GCC_WARN_UNUSED_FUNCTION = YES;
				GCC_WARN_UNUSED_VARIABLE = YES;
				IPHONEOS_DEPLOYMENT_TARGET = 11.2;
				MTL_ENABLE_DEBUG_INFO = YES;
				ONLY_ACTIVE_ARCH = YES;
				SDKROOT = iphoneos;
				SWIFT_ACTIVE_COMPILATION_CONDITIONS = DEBUG;
				SWIFT_OPTIMIZATION_LEVEL = "-Onone";
			};
			name = Debug;
		};
		E4901A0121729C7C00495541 /* Release */ = {
			isa = XCBuildConfiguration;
			buildSettings = {
				ALWAYS_SEARCH_USER_PATHS = NO;
				CLANG_ANALYZER_NONNULL = YES;
				CLANG_ANALYZER_NUMBER_OBJECT_CONVERSION = YES_AGGRESSIVE;
				CLANG_CXX_LANGUAGE_STANDARD = "gnu++14";
				CLANG_CXX_LIBRARY = "libc++";
				CLANG_ENABLE_MODULES = YES;
				CLANG_ENABLE_OBJC_ARC = YES;
				CLANG_WARN_BLOCK_CAPTURE_AUTORELEASING = YES;
				CLANG_WARN_BOOL_CONVERSION = YES;
				CLANG_WARN_COMMA = YES;
				CLANG_WARN_CONSTANT_CONVERSION = YES;
				CLANG_WARN_DIRECT_OBJC_ISA_USAGE = YES_ERROR;
				CLANG_WARN_DOCUMENTATION_COMMENTS = YES;
				CLANG_WARN_EMPTY_BODY = YES;
				CLANG_WARN_ENUM_CONVERSION = YES;
				CLANG_WARN_INFINITE_RECURSION = YES;
				CLANG_WARN_INT_CONVERSION = YES;
				CLANG_WARN_NON_LITERAL_NULL_CONVERSION = YES;
				CLANG_WARN_OBJC_LITERAL_CONVERSION = YES;
				CLANG_WARN_OBJC_ROOT_CLASS = YES_ERROR;
				CLANG_WARN_RANGE_LOOP_ANALYSIS = YES;
				CLANG_WARN_STRICT_PROTOTYPES = YES;
				CLANG_WARN_SUSPICIOUS_MOVE = YES;
				CLANG_WARN_UNGUARDED_AVAILABILITY = YES_AGGRESSIVE;
				CLANG_WARN_UNREACHABLE_CODE = YES;
				CLANG_WARN__DUPLICATE_METHOD_MATCH = YES;
				CODE_SIGN_IDENTITY = "iPhone Developer";
				COPY_PHASE_STRIP = NO;
				DEBUG_INFORMATION_FORMAT = "dwarf-with-dsym";
				ENABLE_NS_ASSERTIONS = NO;
				ENABLE_STRICT_OBJC_MSGSEND = YES;
				GCC_C_LANGUAGE_STANDARD = gnu11;
				GCC_NO_COMMON_BLOCKS = YES;
				GCC_WARN_64_TO_32_BIT_CONVERSION = YES;
				GCC_WARN_ABOUT_RETURN_TYPE = YES_ERROR;
				GCC_WARN_UNDECLARED_SELECTOR = YES;
				GCC_WARN_UNINITIALIZED_AUTOS = YES_AGGRESSIVE;
				GCC_WARN_UNUSED_FUNCTION = YES;
				GCC_WARN_UNUSED_VARIABLE = YES;
				IPHONEOS_DEPLOYMENT_TARGET = 11.2;
				MTL_ENABLE_DEBUG_INFO = NO;
				SDKROOT = iphoneos;
				SWIFT_OPTIMIZATION_LEVEL = "-Owholemodule";
				VALIDATE_PRODUCT = YES;
			};
			name = Release;
		};
		E4901A0321729C7C00495541 /* Debug */ = {
			isa = XCBuildConfiguration;
			buildSettings = {
				ASSETCATALOG_COMPILER_APPICON_NAME = AppIcon;
				CODE_SIGN_STYLE = Automatic;
				INFOPLIST_FILE = NoMoreWaste/Info.plist;
				LD_RUNPATH_SEARCH_PATHS = "$(inherited) @executable_path/Frameworks";
				PRODUCT_BUNDLE_IDENTIFIER = HackDukeBoys.NoMoreWaste;
				PRODUCT_NAME = "$(TARGET_NAME)";
				SWIFT_VERSION = 4.0;
				TARGETED_DEVICE_FAMILY = "1,2";
			};
			name = Debug;
		};
		E4901A0421729C7C00495541 /* Release */ = {
			isa = XCBuildConfiguration;
			buildSettings = {
				ASSETCATALOG_COMPILER_APPICON_NAME = AppIcon;
				CODE_SIGN_STYLE = Automatic;
				INFOPLIST_FILE = NoMoreWaste/Info.plist;
				LD_RUNPATH_SEARCH_PATHS = "$(inherited) @executable_path/Frameworks";
				PRODUCT_BUNDLE_IDENTIFIER = HackDukeBoys.NoMoreWaste;
				PRODUCT_NAME = "$(TARGET_NAME)";
				SWIFT_VERSION = 4.0;
				TARGETED_DEVICE_FAMILY = "1,2";
			};
			name = Release;
		};
		E4901A0621729C7C00495541 /* Debug */ = {
			isa = XCBuildConfiguration;
			buildSettings = {
				ALWAYS_EMBED_SWIFT_STANDARD_LIBRARIES = YES;
				BUNDLE_LOADER = "$(TEST_HOST)";
				CODE_SIGN_STYLE = Automatic;
				INFOPLIST_FILE = NoMoreWasteTests/Info.plist;
				LD_RUNPATH_SEARCH_PATHS = "$(inherited) @executable_path/Frameworks @loader_path/Frameworks";
				PRODUCT_BUNDLE_IDENTIFIER = HackDukeBoys.NoMoreWasteTests;
				PRODUCT_NAME = "$(TARGET_NAME)";
				SWIFT_VERSION = 4.0;
				TARGETED_DEVICE_FAMILY = "1,2";
				TEST_HOST = "$(BUILT_PRODUCTS_DIR)/NoMoreWaste.app/NoMoreWaste";
			};
			name = Debug;
		};
		E4901A0721729C7C00495541 /* Release */ = {
			isa = XCBuildConfiguration;
			buildSettings = {
				ALWAYS_EMBED_SWIFT_STANDARD_LIBRARIES = YES;
				BUNDLE_LOADER = "$(TEST_HOST)";
				CODE_SIGN_STYLE = Automatic;
				INFOPLIST_FILE = NoMoreWasteTests/Info.plist;
				LD_RUNPATH_SEARCH_PATHS = "$(inherited) @executable_path/Frameworks @loader_path/Frameworks";
				PRODUCT_BUNDLE_IDENTIFIER = HackDukeBoys.NoMoreWasteTests;
				PRODUCT_NAME = "$(TARGET_NAME)";
				SWIFT_VERSION = 4.0;
				TARGETED_DEVICE_FAMILY = "1,2";
				TEST_HOST = "$(BUILT_PRODUCTS_DIR)/NoMoreWaste.app/NoMoreWaste";
			};
			name = Release;
		};
		E4901A0921729C7C00495541 /* Debug */ = {
			isa = XCBuildConfiguration;
			buildSettings = {
				ALWAYS_EMBED_SWIFT_STANDARD_LIBRARIES = YES;
				CODE_SIGN_STYLE = Automatic;
				INFOPLIST_FILE = NoMoreWasteUITests/Info.plist;
				LD_RUNPATH_SEARCH_PATHS = "$(inherited) @executable_path/Frameworks @loader_path/Frameworks";
				PRODUCT_BUNDLE_IDENTIFIER = HackDukeBoys.NoMoreWasteUITests;
				PRODUCT_NAME = "$(TARGET_NAME)";
				SWIFT_VERSION = 4.0;
				TARGETED_DEVICE_FAMILY = "1,2";
				TEST_TARGET_NAME = NoMoreWaste;
			};
			name = Debug;
		};
		E4901A0A21729C7C00495541 /* Release */ = {
			isa = XCBuildConfiguration;
			buildSettings = {
				ALWAYS_EMBED_SWIFT_STANDARD_LIBRARIES = YES;
				CODE_SIGN_STYLE = Automatic;
				INFOPLIST_FILE = NoMoreWasteUITests/Info.plist;
				LD_RUNPATH_SEARCH_PATHS = "$(inherited) @executable_path/Frameworks @loader_path/Frameworks";
				PRODUCT_BUNDLE_IDENTIFIER = HackDukeBoys.NoMoreWasteUITests;
				PRODUCT_NAME = "$(TARGET_NAME)";
				SWIFT_VERSION = 4.0;
				TARGETED_DEVICE_FAMILY = "1,2";
				TEST_TARGET_NAME = NoMoreWaste;
			};
			name = Release;
		};
/* End XCBuildConfiguration section */

/* Begin XCConfigurationList section */
		E49019D521729C7C00495541 /* Build configuration list for PBXProject "NoMoreWaste" */ = {
			isa = XCConfigurationList;
			buildConfigurations = (
				E4901A0021729C7C00495541 /* Debug */,
				E4901A0121729C7C00495541 /* Release */,
			);
			defaultConfigurationIsVisible = 0;
			defaultConfigurationName = Release;
		};
		E4901A0221729C7C00495541 /* Build configuration list for PBXNativeTarget "NoMoreWaste" */ = {
			isa = XCConfigurationList;
			buildConfigurations = (
				E4901A0321729C7C00495541 /* Debug */,
				E4901A0421729C7C00495541 /* Release */,
			);
			defaultConfigurationIsVisible = 0;
			defaultConfigurationName = Release;
		};
		E4901A0521729C7C00495541 /* Build configuration list for PBXNativeTarget "NoMoreWasteTests" */ = {
			isa = XCConfigurationList;
			buildConfigurations = (
				E4901A0621729C7C00495541 /* Debug */,
				E4901A0721729C7C00495541 /* Release */,
			);
			defaultConfigurationIsVisible = 0;
			defaultConfigurationName = Release;
		};
		E4901A0821729C7C00495541 /* Build configuration list for PBXNativeTarget "NoMoreWasteUITests" */ = {
			isa = XCConfigurationList;
			buildConfigurations = (
				E4901A0921729C7C00495541 /* Debug */,
				E4901A0A21729C7C00495541 /* Release */,
			);
			defaultConfigurationIsVisible = 0;
			defaultConfigurationName = Release;
		};
/* End XCConfigurationList section */
	};
	rootObject = E49019D221729C7C00495541 /* Project object */;
}
